// !$*UTF8*$!
{
	archiveVersion = 1;
	classes = {
	};
	objectVersion = 46;
	objects = {

/* Begin PBXBuildFile section */
		53BC3A7D1AD166B000BCA203 /* main.m in Sources */ = {isa = PBXBuildFile; fileRef = 53BC3A7C1AD166B000BCA203 /* main.m */; };
		53BC3A801AD166B000BCA203 /* AppDelegate.m in Sources */ = {isa = PBXBuildFile; fileRef = 53BC3A7F1AD166B000BCA203 /* AppDelegate.m */; };
		53BC3A831AD166B000BCA203 /* FaceAdjust.xcdatamodeld in Sources */ = {isa = PBXBuildFile; fileRef = 53BC3A811AD166B000BCA203 /* FaceAdjust.xcdatamodeld */; };
		53BC3A861AD166B000BCA203 /* ViewController.mm in Sources */ = {isa = PBXBuildFile; fileRef = 53BC3A851AD166B000BCA203 /* ViewController.mm */; };
		53BC3A891AD166B000BCA203 /* Main.storyboard in Resources */ = {isa = PBXBuildFile; fileRef = 53BC3A871AD166B000BCA203 /* Main.storyboard */; };
		53BC3A8B1AD166B000BCA203 /* Images.xcassets in Resources */ = {isa = PBXBuildFile; fileRef = 53BC3A8A1AD166B000BCA203 /* Images.xcassets */; };
		53BC3A8E1AD166B000BCA203 /* LaunchScreen.xib in Resources */ = {isa = PBXBuildFile; fileRef = 53BC3A8C1AD166B000BCA203 /* LaunchScreen.xib */; };
		53BC3AA41AD16AB500BCA203 /* btn_notice.png in Resources */ = {isa = PBXBuildFile; fileRef = 53BC3AA31AD16AB500BCA203 /* btn_notice.png */; };
		53BC3AA61AD16ABB00BCA203 /* blue_point@2x.png in Resources */ = {isa = PBXBuildFile; fileRef = 53BC3AA51AD16ABB00BCA203 /* blue_point@2x.png */; };
		53BC3AA81AD16AC000BCA203 /* makeup_adjusttipmodel.png in Resources */ = {isa = PBXBuildFile; fileRef = 53BC3AA71AD16AC000BCA203 /* makeup_adjusttipmodel.png */; };
		53BC3AAB1AD16C4900BCA203 /* 1.jpg in Resources */ = {isa = PBXBuildFile; fileRef = 53BC3AA91AD16C4900BCA203 /* 1.jpg */; };
		53BC3AAC1AD16C4900BCA203 /* 1.txt in Resources */ = {isa = PBXBuildFile; fileRef = 53BC3AAA1AD16C4900BCA203 /* 1.txt */; };
		53BC3AC01AD1705900BCA203 /* opencv2.framework in Frameworks */ = {isa = PBXBuildFile; fileRef = 53BC3ABF1AD1705900BCA203 /* opencv2.framework */; };
		53BC3ACA1AD1708D00BCA203 /* Accelerate.framework in Frameworks */ = {isa = PBXBuildFile; fileRef = 53BC3AC11AD1708D00BCA203 /* Accelerate.framework */; };
		53BC3ACB1AD1708D00BCA203 /* AssetsLibrary.framework in Frameworks */ = {isa = PBXBuildFile; fileRef = 53BC3AC21AD1708D00BCA203 /* AssetsLibrary.framework */; };
		53BC3ACC1AD1708D00BCA203 /* AVFoundation.framework in Frameworks */ = {isa = PBXBuildFile; fileRef = 53BC3AC31AD1708D00BCA203 /* AVFoundation.framework */; };
		53BC3ACD1AD1708D00BCA203 /* CoreData.framework in Frameworks */ = {isa = PBXBuildFile; fileRef = 53BC3AC41AD1708D00BCA203 /* CoreData.framework */; };
		53BC3ACE1AD1708D00BCA203 /* CoreGraphics.framework in Frameworks */ = {isa = PBXBuildFile; fileRef = 53BC3AC51AD1708D00BCA203 /* CoreGraphics.framework */; };
		53BC3ACF1AD1708D00BCA203 /* CoreImage.framework in Frameworks */ = {isa = PBXBuildFile; fileRef = 53BC3AC61AD1708D00BCA203 /* CoreImage.framework */; };
		53BC3AD01AD1708D00BCA203 /* CoreTelephony.framework in Frameworks */ = {isa = PBXBuildFile; fileRef = 53BC3AC71AD1708D00BCA203 /* CoreTelephony.framework */; };
		53BC3AD11AD1708D00BCA203 /* CoreVideo.framework in Frameworks */ = {isa = PBXBuildFile; fileRef = 53BC3AC81AD1708D00BCA203 /* CoreVideo.framework */; };
		53BC3AD21AD1708D00BCA203 /* ImageIO.framework in Frameworks */ = {isa = PBXBuildFile; fileRef = 53BC3AC91AD1708D00BCA203 /* ImageIO.framework */; };
		53BC3AD51AD17F7F00BCA203 /* UIImageCVMatConverter.mm in Sources */ = {isa = PBXBuildFile; fileRef = 53BC3AD31AD17F7F00BCA203 /* UIImageCVMatConverter.mm */; };
		53BC3AD71AD18ECC00BCA203 /* Foundation.framework in Frameworks */ = {isa = PBXBuildFile; fileRef = 53BC3AD61AD18ECC00BCA203 /* Foundation.framework */; };
		53BC3AD91AD18FF900BCA203 /* UIKit.framework in Frameworks */ = {isa = PBXBuildFile; fileRef = 53BC3AD81AD18FF900BCA203 /* UIKit.framework */; };
		53BC3ADB1AD1902500BCA203 /* QuartzCore.framework in Frameworks */ = {isa = PBXBuildFile; fileRef = 53BC3ADA1AD1902500BCA203 /* QuartzCore.framework */; };
		53BC3ADE1AD190AD00BCA203 /* btn_camera_cancel_b@2x.png in Resources */ = {isa = PBXBuildFile; fileRef = 53BC3ADC1AD190AD00BCA203 /* btn_camera_cancel_b@2x.png */; };
		53BC3ADF1AD190AD00BCA203 /* btn_camera_ok_a@2x.png in Resources */ = {isa = PBXBuildFile; fileRef = 53BC3ADD1AD190AD00BCA203 /* btn_camera_ok_a@2x.png */; };
		53ED73671AD6429400248746 /* overhauser.cpp in Sources */ = {isa = PBXBuildFile; fileRef = 53ED73641AD6429400248746 /* overhauser.cpp */; };
		53ED73691AD642DC00248746 /* mask.png in Resources */ = {isa = PBXBuildFile; fileRef = 53ED73681AD642DC00248746 /* mask.png */; };
/* End PBXBuildFile section */

/* Begin PBXFileReference section */
		53BC3A771AD166B000BCA203 /* FaceAdjust.app */ = {isa = PBXFileReference; explicitFileType = wrapper.application; includeInIndex = 0; path = FaceAdjust.app; sourceTree = BUILT_PRODUCTS_DIR; };
		53BC3A7B1AD166B000BCA203 /* Info.plist */ = {isa = PBXFileReference; lastKnownFileType = text.plist.xml; path = Info.plist; sourceTree = "<group>"; };
		53BC3A7C1AD166B000BCA203 /* main.m */ = {isa = PBXFileReference; lastKnownFileType = sourcecode.c.objc; path = main.m; sourceTree = "<group>"; };
		53BC3A7E1AD166B000BCA203 /* AppDelegate.h */ = {isa = PBXFileReference; lastKnownFileType = sourcecode.c.h; path = AppDelegate.h; sourceTree = "<group>"; };
		53BC3A7F1AD166B000BCA203 /* AppDelegate.m */ = {isa = PBXFileReference; lastKnownFileType = sourcecode.c.objc; path = AppDelegate.m; sourceTree = "<group>"; };
		53BC3A821AD166B000BCA203 /* FaceAdjust.xcdatamodel */ = {isa = PBXFileReference; lastKnownFileType = wrapper.xcdatamodel; path = FaceAdjust.xcdatamodel; sourceTree = "<group>"; };
		53BC3A841AD166B000BCA203 /* ViewController.h */ = {isa = PBXFileReference; lastKnownFileType = sourcecode.c.h; path = ViewController.h; sourceTree = "<group>"; };
		53BC3A851AD166B000BCA203 /* ViewController.mm */ = {isa = PBXFileReference; lastKnownFileType = sourcecode.cpp.objcpp; path = ViewController.mm; sourceTree = "<group>"; };
		53BC3A881AD166B000BCA203 /* Base */ = {isa = PBXFileReference; lastKnownFileType = file.storyboard; name = Base; path = Base.lproj/Main.storyboard; sourceTree = "<group>"; };
		53BC3A8A1AD166B000BCA203 /* Images.xcassets */ = {isa = PBXFileReference; lastKnownFileType = folder.assetcatalog; path = Images.xcassets; sourceTree = "<group>"; };
		53BC3A8D1AD166B000BCA203 /* Base */ = {isa = PBXFileReference; lastKnownFileType = file.xib; name = Base; path = Base.lproj/LaunchScreen.xib; sourceTree = "<group>"; };
		53BC3AA31AD16AB500BCA203 /* btn_notice.png */ = {isa = PBXFileReference; lastKnownFileType = image.png; path = btn_notice.png; sourceTree = "<group>"; };
		53BC3AA51AD16ABB00BCA203 /* blue_point@2x.png */ = {isa = PBXFileReference; lastKnownFileType = image.png; path = "blue_point@2x.png"; sourceTree = "<group>"; };
		53BC3AA71AD16AC000BCA203 /* makeup_adjusttipmodel.png */ = {isa = PBXFileReference; lastKnownFileType = image.png; path = makeup_adjusttipmodel.png; sourceTree = "<group>"; };
		53BC3AA91AD16C4900BCA203 /* 1.jpg */ = {isa = PBXFileReference; lastKnownFileType = image.jpeg; path = 1.jpg; sourceTree = "<group>"; };
		53BC3AAA1AD16C4900BCA203 /* 1.txt */ = {isa = PBXFileReference; fileEncoding = 4; lastKnownFileType = text; path = 1.txt; sourceTree = "<group>"; };
		53BC3ABF1AD1705900BCA203 /* opencv2.framework */ = {isa = PBXFileReference; lastKnownFileType = wrapper.framework; name = opencv2.framework; path = ../../opencv2.framework; sourceTree = "<group>"; };
		53BC3AC11AD1708D00BCA203 /* Accelerate.framework */ = {isa = PBXFileReference; lastKnownFileType = wrapper.framework; name = Accelerate.framework; path = System/Library/Frameworks/Accelerate.framework; sourceTree = SDKROOT; };
		53BC3AC21AD1708D00BCA203 /* AssetsLibrary.framework */ = {isa = PBXFileReference; lastKnownFileType = wrapper.framework; name = AssetsLibrary.framework; path = System/Library/Frameworks/AssetsLibrary.framework; sourceTree = SDKROOT; };
		53BC3AC31AD1708D00BCA203 /* AVFoundation.framework */ = {isa = PBXFileReference; lastKnownFileType = wrapper.framework; name = AVFoundation.framework; path = System/Library/Frameworks/AVFoundation.framework; sourceTree = SDKROOT; };
		53BC3AC41AD1708D00BCA203 /* CoreData.framework */ = {isa = PBXFileReference; lastKnownFileType = wrapper.framework; name = CoreData.framework; path = System/Library/Frameworks/CoreData.framework; sourceTree = SDKROOT; };
		53BC3AC51AD1708D00BCA203 /* CoreGraphics.framework */ = {isa = PBXFileReference; lastKnownFileType = wrapper.framework; name = CoreGraphics.framework; path = System/Library/Frameworks/CoreGraphics.framework; sourceTree = SDKROOT; };
		53BC3AC61AD1708D00BCA203 /* CoreImage.framework */ = {isa = PBXFileReference; lastKnownFileType = wrapper.framework; name = CoreImage.framework; path = System/Library/Frameworks/CoreImage.framework; sourceTree = SDKROOT; };
		53BC3AC71AD1708D00BCA203 /* CoreTelephony.framework */ = {isa = PBXFileReference; lastKnownFileType = wrapper.framework; name = CoreTelephony.framework; path = System/Library/Frameworks/CoreTelephony.framework; sourceTree = SDKROOT; };
		53BC3AC81AD1708D00BCA203 /* CoreVideo.framework */ = {isa = PBXFileReference; lastKnownFileType = wrapper.framework; name = CoreVideo.framework; path = System/Library/Frameworks/CoreVideo.framework; sourceTree = SDKROOT; };
		53BC3AC91AD1708D00BCA203 /* ImageIO.framework */ = {isa = PBXFileReference; lastKnownFileType = wrapper.framework; name = ImageIO.framework; path = System/Library/Frameworks/ImageIO.framework; sourceTree = SDKROOT; };
		53BC3AD31AD17F7F00BCA203 /* UIImageCVMatConverter.mm */ = {isa = PBXFileReference; fileEncoding = 4; lastKnownFileType = sourcecode.cpp.objcpp; path = UIImageCVMatConverter.mm; sourceTree = "<group>"; };
		53BC3AD41AD17F7F00BCA203 /* UIImageCVMatConverter.h */ = {isa = PBXFileReference; fileEncoding = 4; lastKnownFileType = sourcecode.c.h; path = UIImageCVMatConverter.h; sourceTree = "<group>"; };
		53BC3AD61AD18ECC00BCA203 /* Foundation.framework */ = {isa = PBXFileReference; lastKnownFileType = wrapper.framework; name = Foundation.framework; path = System/Library/Frameworks/Foundation.framework; sourceTree = SDKROOT; };
		53BC3AD81AD18FF900BCA203 /* UIKit.framework */ = {isa = PBXFileReference; lastKnownFileType = wrapper.framework; name = UIKit.framework; path = System/Library/Frameworks/UIKit.framework; sourceTree = SDKROOT; };
		53BC3ADA1AD1902500BCA203 /* QuartzCore.framework */ = {isa = PBXFileReference; lastKnownFileType = wrapper.framework; name = QuartzCore.framework; path = System/Library/Frameworks/QuartzCore.framework; sourceTree = SDKROOT; };
		53BC3ADC1AD190AD00BCA203 /* btn_camera_cancel_b@2x.png */ = {isa = PBXFileReference; lastKnownFileType = image.png; path = "btn_camera_cancel_b@2x.png"; sourceTree = "<group>"; };
		53BC3ADD1AD190AD00BCA203 /* btn_camera_ok_a@2x.png */ = {isa = PBXFileReference; lastKnownFileType = image.png; path = "btn_camera_ok_a@2x.png"; sourceTree = "<group>"; };
		53ED73641AD6429400248746 /* overhauser.cpp */ = {isa = PBXFileReference; fileEncoding = 4; lastKnownFileType = sourcecode.cpp.cpp; path = overhauser.cpp; sourceTree = "<group>"; };
		53ED73651AD6429400248746 /* overhauser.hpp */ = {isa = PBXFileReference; fileEncoding = 4; lastKnownFileType = sourcecode.cpp.h; path = overhauser.hpp; sourceTree = "<group>"; };
		53ED73661AD6429400248746 /* vec3.hpp */ = {isa = PBXFileReference; fileEncoding = 4; lastKnownFileType = sourcecode.cpp.h; path = vec3.hpp; sourceTree = "<group>"; };
		53ED73681AD642DC00248746 /* mask.png */ = {isa = PBXFileReference; lastKnownFileType = image.png; path = mask.png; sourceTree = "<group>"; };
/* End PBXFileReference section */

/* Begin PBXFrameworksBuildPhase section */
		53BC3A741AD166B000BCA203 /* Frameworks */ = {
			isa = PBXFrameworksBuildPhase;
			buildActionMask = 2147483647;
			files = (
				53BC3AD71AD18ECC00BCA203 /* Foundation.framework in Frameworks */,
				53BC3ADB1AD1902500BCA203 /* QuartzCore.framework in Frameworks */,
				53BC3AD91AD18FF900BCA203 /* UIKit.framework in Frameworks */,
				53BC3ACA1AD1708D00BCA203 /* Accelerate.framework in Frameworks */,
				53BC3ACB1AD1708D00BCA203 /* AssetsLibrary.framework in Frameworks */,
				53BC3ACC1AD1708D00BCA203 /* AVFoundation.framework in Frameworks */,
				53BC3ACD1AD1708D00BCA203 /* CoreData.framework in Frameworks */,
				53BC3ACE1AD1708D00BCA203 /* CoreGraphics.framework in Frameworks */,
				53BC3ACF1AD1708D00BCA203 /* CoreImage.framework in Frameworks */,
				53BC3AD01AD1708D00BCA203 /* CoreTelephony.framework in Frameworks */,
				53BC3AD11AD1708D00BCA203 /* CoreVideo.framework in Frameworks */,
				53BC3AD21AD1708D00BCA203 /* ImageIO.framework in Frameworks */,
				53BC3AC01AD1705900BCA203 /* opencv2.framework in Frameworks */,
			);
			runOnlyForDeploymentPostprocessing = 0;
		};
/* End PBXFrameworksBuildPhase section */

/* Begin PBXGroup section */
		53BC3A6E1AD166B000BCA203 = {
			isa = PBXGroup;
			children = (
				53BC3ADA1AD1902500BCA203 /* QuartzCore.framework */,
				53BC3AD81AD18FF900BCA203 /* UIKit.framework */,
				53BC3AD61AD18ECC00BCA203 /* Foundation.framework */,
				53BC3AC11AD1708D00BCA203 /* Accelerate.framework */,
				53BC3AC21AD1708D00BCA203 /* AssetsLibrary.framework */,
				53BC3AC31AD1708D00BCA203 /* AVFoundation.framework */,
				53BC3AC41AD1708D00BCA203 /* CoreData.framework */,
				53BC3AC51AD1708D00BCA203 /* CoreGraphics.framework */,
				53BC3AC61AD1708D00BCA203 /* CoreImage.framework */,
				53BC3AC71AD1708D00BCA203 /* CoreTelephony.framework */,
				53BC3AC81AD1708D00BCA203 /* CoreVideo.framework */,
				53BC3AC91AD1708D00BCA203 /* ImageIO.framework */,
				53BC3A791AD166B000BCA203 /* FaceAdjust */,
				53BC3A781AD166B000BCA203 /* Products */,
			);
			sourceTree = "<group>";
		};
		53BC3A781AD166B000BCA203 /* Products */ = {
			isa = PBXGroup;
			children = (
				53BC3A771AD166B000BCA203 /* FaceAdjust.app */,
			);
			name = Products;
			sourceTree = "<group>";
		};
		53BC3A791AD166B000BCA203 /* FaceAdjust */ = {
			isa = PBXGroup;
			children = (
				53ED73641AD6429400248746 /* overhauser.cpp */,
				53ED73651AD6429400248746 /* overhauser.hpp */,
				53ED73661AD6429400248746 /* vec3.hpp */,
				53BC3A7E1AD166B000BCA203 /* AppDelegate.h */,
				53BC3AD31AD17F7F00BCA203 /* UIImageCVMatConverter.mm */,
				53BC3AD41AD17F7F00BCA203 /* UIImageCVMatConverter.h */,
				53BC3A7F1AD166B000BCA203 /* AppDelegate.m */,
				53BC3A841AD166B000BCA203 /* ViewController.h */,
				53BC3A851AD166B000BCA203 /* ViewController.mm */,
				53BC3A871AD166B000BCA203 /* Main.storyboard */,
				53BC3A8A1AD166B000BCA203 /* Images.xcassets */,
				53BC3A8C1AD166B000BCA203 /* LaunchScreen.xib */,
				53BC3A811AD166B000BCA203 /* FaceAdjust.xcdatamodeld */,
				53BC3A7A1AD166B000BCA203 /* Supporting Files */,
			);
			path = FaceAdjust;
			sourceTree = "<group>";
		};
		53BC3A7A1AD166B000BCA203 /* Supporting Files */ = {
			isa = PBXGroup;
			children = (
				53BC3ADC1AD190AD00BCA203 /* btn_camera_cancel_b@2x.png */,
				53BC3ADD1AD190AD00BCA203 /* btn_camera_ok_a@2x.png */,
				53BC3ABF1AD1705900BCA203 /* opencv2.framework */,
				53BC3AA91AD16C4900BCA203 /* 1.jpg */,
				53ED73681AD642DC00248746 /* mask.png */,
				53BC3AAA1AD16C4900BCA203 /* 1.txt */,
				53BC3AA71AD16AC000BCA203 /* makeup_adjusttipmodel.png */,
				53BC3AA51AD16ABB00BCA203 /* blue_point@2x.png */,
				53BC3AA31AD16AB500BCA203 /* btn_notice.png */,
				53BC3A7B1AD166B000BCA203 /* Info.plist */,
				53BC3A7C1AD166B000BCA203 /* main.m */,
			);
			name = "Supporting Files";
			sourceTree = "<group>";
		};
/* End PBXGroup section */

/* Begin PBXNativeTarget section */
		53BC3A761AD166B000BCA203 /* FaceAdjust */ = {
			isa = PBXNativeTarget;
			buildConfigurationList = 53BC3A9D1AD166B100BCA203 /* Build configuration list for PBXNativeTarget "FaceAdjust" */;
			buildPhases = (
				53BC3A731AD166B000BCA203 /* Sources */,
				53BC3A741AD166B000BCA203 /* Frameworks */,
				53BC3A751AD166B000BCA203 /* Resources */,
			);
			buildRules = (
			);
			dependencies = (
			);
			name = FaceAdjust;
			productName = FaceAdjust;
			productReference = 53BC3A771AD166B000BCA203 /* FaceAdjust.app */;
			productType = "com.apple.product-type.application";
		};
/* End PBXNativeTarget section */

/* Begin PBXProject section */
		53BC3A6F1AD166B000BCA203 /* Project object */ = {
			isa = PBXProject;
			attributes = {
				LastUpgradeCheck = 0620;
				ORGANIZATIONNAME = "zhou shiwei";
				TargetAttributes = {
					53BC3A761AD166B000BCA203 = {
						CreatedOnToolsVersion = 6.2;
					};
				};
			};
			buildConfigurationList = 53BC3A721AD166B000BCA203 /* Build configuration list for PBXProject "FaceAdjust" */;
			compatibilityVersion = "Xcode 3.2";
			developmentRegion = English;
			hasScannedForEncodings = 0;
			knownRegions = (
				en,
				Base,
			);
			mainGroup = 53BC3A6E1AD166B000BCA203;
			productRefGroup = 53BC3A781AD166B000BCA203 /* Products */;
			projectDirPath = "";
			projectRoot = "";
			targets = (
				53BC3A761AD166B000BCA203 /* FaceAdjust */,
			);
		};
/* End PBXProject section */

/* Begin PBXResourcesBuildPhase section */
		53BC3A751AD166B000BCA203 /* Resources */ = {
			isa = PBXResourcesBuildPhase;
			buildActionMask = 2147483647;
			files = (
				53BC3ADE1AD190AD00BCA203 /* btn_camera_cancel_b@2x.png in Resources */,
				53BC3A891AD166B000BCA203 /* Main.storyboard in Resources */,
				53BC3AA81AD16AC000BCA203 /* makeup_adjusttipmodel.png in Resources */,
				53BC3A8E1AD166B000BCA203 /* LaunchScreen.xib in Resources */,
				53ED73691AD642DC00248746 /* mask.png in Resources */,
				53BC3AA41AD16AB500BCA203 /* btn_notice.png in Resources */,
				53BC3AAC1AD16C4900BCA203 /* 1.txt in Resources */,
				53BC3ADF1AD190AD00BCA203 /* btn_camera_ok_a@2x.png in Resources */,
				53BC3AA61AD16ABB00BCA203 /* blue_point@2x.png in Resources */,
				53BC3A8B1AD166B000BCA203 /* Images.xcassets in Resources */,
				53BC3AAB1AD16C4900BCA203 /* 1.jpg in Resources */,
			);
			runOnlyForDeploymentPostprocessing = 0;
		};
/* End PBXResourcesBuildPhase section */

/* Begin PBXSourcesBuildPhase section */
		53BC3A731AD166B000BCA203 /* Sources */ = {
			isa = PBXSourcesBuildPhase;
			buildActionMask = 2147483647;
			files = (
				53BC3A801AD166B000BCA203 /* AppDelegate.m in Sources */,
				53BC3A831AD166B000BCA203 /* FaceAdjust.xcdatamodeld in Sources */,
				53BC3A861AD166B000BCA203 /* ViewController.mm in Sources */,
				53BC3A7D1AD166B000BCA203 /* main.m in Sources */,
				53BC3AD51AD17F7F00BCA203 /* UIImageCVMatConverter.mm in Sources */,
				53ED73671AD6429400248746 /* overhauser.cpp in Sources */,
			);
			runOnlyForDeploymentPostprocessing = 0;
		};
/* End PBXSourcesBuildPhase section */

/* Begin PBXVariantGroup section */
		53BC3A871AD166B000BCA203 /* Main.storyboard */ = {
			isa = PBXVariantGroup;
			children = (
				53BC3A881AD166B000BCA203 /* Base */,
			);
			name = Main.storyboard;
			sourceTree = "<group>";
		};
		53BC3A8C1AD166B000BCA203 /* LaunchScreen.xib */ = {
			isa = PBXVariantGroup;
			children = (
				53BC3A8D1AD166B000BCA203 /* Base */,
			);
			name = LaunchScreen.xib;
			sourceTree = "<group>";
		};
/* End PBXVariantGroup section */

/* Begin XCBuildConfiguration section */
		53BC3A9B1AD166B100BCA203 /* Debug */ = {
			isa = XCBuildConfiguration;
			buildSettings = {
				ALWAYS_SEARCH_USER_PATHS = NO;
				CLANG_CXX_LANGUAGE_STANDARD = "gnu++0x";
				CLANG_CXX_LIBRARY = "libc++";
				CLANG_ENABLE_MODULES = YES;
				CLANG_ENABLE_OBJC_ARC = YES;
				CLANG_WARN_BOOL_CONVERSION = YES;
				CLANG_WARN_CONSTANT_CONVERSION = YES;
				CLANG_WARN_DIRECT_OBJC_ISA_USAGE = YES_ERROR;
				CLANG_WARN_EMPTY_BODY = YES;
				CLANG_WARN_ENUM_CONVERSION = YES;
				CLANG_WARN_INT_CONVERSION = YES;
				CLANG_WARN_OBJC_ROOT_CLASS = YES_ERROR;
				CLANG_WARN_UNREACHABLE_CODE = YES;
				CLANG_WARN__DUPLICATE_METHOD_MATCH = YES;
				"CODE_SIGN_IDENTITY[sdk=iphoneos*]" = "iPhone Developer";
				COPY_PHASE_STRIP = NO;
				ENABLE_STRICT_OBJC_MSGSEND = YES;
				GCC_C_LANGUAGE_STANDARD = gnu99;
				GCC_DYNAMIC_NO_PIC = NO;
				GCC_OPTIMIZATION_LEVEL = 0;
				GCC_PREPROCESSOR_DEFINITIONS = (
					"DEBUG=1",
					"$(inherited)",
				);
				GCC_SYMBOLS_PRIVATE_EXTERN = NO;
				GCC_WARN_64_TO_32_BIT_CONVERSION = YES;
				GCC_WARN_ABOUT_RETURN_TYPE = YES_ERROR;
				GCC_WARN_UNDECLARED_SELECTOR = YES;
				GCC_WARN_UNINITIALIZED_AUTOS = YES_AGGRESSIVE;
				GCC_WARN_UNUSED_FUNCTION = YES;
				GCC_WARN_UNUSED_VARIABLE = YES;
				IPHONEOS_DEPLOYMENT_TARGET = 8.2;
				MTL_ENABLE_DEBUG_INFO = YES;
				ONLY_ACTIVE_ARCH = YES;
				SDKROOT = iphoneos;
			};
			name = Debug;
		};
		53BC3A9C1AD166B100BCA203 /* Release */ = {
			isa = XCBuildConfiguration;
			buildSettings = {
				ALWAYS_SEARCH_USER_PATHS = NO;
				CLANG_CXX_LANGUAGE_STANDARD = "gnu++0x";
				CLANG_CXX_LIBRARY = "libc++";
				CLANG_ENABLE_MODULES = YES;
				CLANG_ENABLE_OBJC_ARC = YES;
				CLANG_WARN_BOOL_CONVERSION = YES;
				CLANG_WARN_CONSTANT_CONVERSION = YES;
				CLANG_WARN_DIRECT_OBJC_ISA_USAGE = YES_ERROR;
				CLANG_WARN_EMPTY_BODY = YES;
				CLANG_WARN_ENUM_CONVERSION = YES;
				CLANG_WARN_INT_CONVERSION = YES;
				CLANG_WARN_OBJC_ROOT_CLASS = YES_ERROR;
				CLANG_WARN_UNREACHABLE_CODE = YES;
				CLANG_WARN__DUPLICATE_METHOD_MATCH = YES;
				"CODE_SIGN_IDENTITY[sdk=iphoneos*]" = "iPhone Developer";
				COPY_PHASE_STRIP = NO;
				ENABLE_NS_ASSERTIONS = NO;
				ENABLE_STRICT_OBJC_MSGSEND = YES;
				GCC_C_LANGUAGE_STANDARD = gnu99;
				GCC_WARN_64_TO_32_BIT_CONVERSION = YES;
				GCC_WARN_ABOUT_RETURN_TYPE = YES_ERROR;
				GCC_WARN_UNDECLARED_SELECTOR = YES;
				GCC_WARN_UNINITIALIZED_AUTOS = YES_AGGRESSIVE;
				GCC_WARN_UNUSED_FUNCTION = YES;
				GCC_WARN_UNUSED_VARIABLE = YES;
				IPHONEOS_DEPLOYMENT_TARGET = 8.2;
				MTL_ENABLE_DEBUG_INFO = NO;
				SDKROOT = iphoneos;
				VALIDATE_PRODUCT = YES;
			};
			name = Release;
		};
		53BC3A9E1AD166B100BCA203 /* Debug */ = {
			isa = XCBuildConfiguration;
			buildSettings = {
				ASSETCATALOG_COMPILER_APPICON_NAME = AppIcon;
				FRAMEWORK_SEARCH_PATHS = (
					"$(inherited)",
					/Users/zhoushiwei/Dropbox,
				);
				INFOPLIST_FILE = FaceAdjust/Info.plist;
				LD_RUNPATH_SEARCH_PATHS = "$(inherited) @executable_path/Frameworks";
				PRODUCT_NAME = "$(TARGET_NAME)";
			};
			name = Debug;
		};
		53BC3A9F1AD166B100BCA203 /* Release */ = {
			isa = XCBuildConfiguration;
			buildSettings = {
				ASSETCATALOG_COMPILER_APPICON_NAME = AppIcon;
				FRAMEWORK_SEARCH_PATHS = (
					"$(inherited)",
					/Users/zhoushiwei/Dropbox,
				);
				INFOPLIST_FILE = FaceAdjust/Info.plist;
				LD_RUNPATH_SEARCH_PATHS = "$(inherited) @executable_path/Frameworks";
				PRODUCT_NAME = "$(TARGET_NAME)";
			};
			name = Release;
		};
/* End XCBuildConfiguration section */

/* Begin XCConfigurationList section */
		53BC3A721AD166B000BCA203 /* Build configuration list for PBXProject "FaceAdjust" */ = {
			isa = XCConfigurationList;
			buildConfigurations = (
				53BC3A9B1AD166B100BCA203 /* Debug */,
				53BC3A9C1AD166B100BCA203 /* Release */,
			);
			defaultConfigurationIsVisible = 0;
			defaultConfigurationName = Release;
		};
		53BC3A9D1AD166B100BCA203 /* Build configuration list for PBXNativeTarget "FaceAdjust" */ = {
			isa = XCConfigurationList;
			buildConfigurations = (
				53BC3A9E1AD166B100BCA203 /* Debug */,
				53BC3A9F1AD166B100BCA203 /* Release */,
			);
			defaultConfigurationIsVisible = 0;
			defaultConfigurationName = Release;
		};
/* End XCConfigurationList section */

/* Begin XCVersionGroup section */
		53BC3A811AD166B000BCA203 /* FaceAdjust.xcdatamodeld */ = {
			isa = XCVersionGroup;
			children = (
				53BC3A821AD166B000BCA203 /* FaceAdjust.xcdatamodel */,
			);
			currentVersion = 53BC3A821AD166B000BCA203 /* FaceAdjust.xcdatamodel */;
			path = FaceAdjust.xcdatamodeld;
			sourceTree = "<group>";
			versionGroupType = wrapper.xcdatamodel;
		};
/* End XCVersionGroup section */
	};
	rootObject = 53BC3A6F1AD166B000BCA203 /* Project object */;
}
